
Microsoft Visual Studio Solution File, Format Version 12.00
# Visual Studio Version 17
VisualStudioVersion = 17.2.32630.192
MinimumVisualStudioVersion = 10.0.40219.1
Project("{9A19103F-16F7-4668-BE54-9A1E7A4F7556}") = "skrt", "skrt\skrt.csproj", "{DB226E7A-790B-4EB6-AF92-4EB844CB9C73}"
EndProject
Project("{2150E333-8FDC-42A3-9474-1A3956D46DE8}") = "Month1", "Month1", "{E16FAC65-59F7-4B71-A830-490C798C438D}"
EndProject
Global
	GlobalSection(SolutionConfigurationPlatforms) = preSolution
		Debug|Any CPU = Debug|Any CPU
		Release|Any CPU = Release|Any CPU
	EndGlobalSection
	GlobalSection(ProjectConfigurationPlatforms) = postSolution
		{DB226E7A-790B-4EB6-AF92-4EB844CB9C73}.Debug|Any CPU.ActiveCfg = Debug|Any CPU
		{DB226E7A-790B-4EB6-AF92-4EB844CB9C73}.Debug|Any CPU.Build.0 = Debug|Any CPU
		{DB226E7A-790B-4EB6-AF92-4EB844CB9C73}.Release|Any CPU.ActiveCfg = Release|Any CPU
		{DB226E7A-790B-4EB6-AF92-4EB844CB9C73}.Release|Any CPU.Build.0 = Release|Any CPU
	EndGlobalSection
	GlobalSection(SolutionProperties) = preSolution
		HideSolutionNode = FALSE
	EndGlobalSection
	GlobalSection(ExtensibilityGlobals) = postSolution
		SolutionGuid = {37EE19D7-46C7-492A-8EF0-F8A3D13E1E88}
	EndGlobalSection
EndGlobal
